// !$*UTF8*$!
{
	archiveVersion = 1;
	classes = {
	};
	objectVersion = 46;
	objects = {

/* Begin PBXBuildFile section */
		845C0C7C1AA93C5A00F7104D /* main.m in Sources */ = {isa = PBXBuildFile; fileRef = 845C0C7B1AA93C5A00F7104D /* main.m */; };
		845C0C7F1AA93C5A00F7104D /* AppDelegate.m in Sources */ = {isa = PBXBuildFile; fileRef = 845C0C7E1AA93C5A00F7104D /* AppDelegate.m */; };
		845C0C821AA93C5A00F7104D /* ViewController.m in Sources */ = {isa = PBXBuildFile; fileRef = 845C0C811AA93C5A00F7104D /* ViewController.m */; };
		845C0C851AA93C5A00F7104D /* Main.storyboard in Resources */ = {isa = PBXBuildFile; fileRef = 845C0C831AA93C5A00F7104D /* Main.storyboard */; };
		845C0C871AA93C5A00F7104D /* Images.xcassets in Resources */ = {isa = PBXBuildFile; fileRef = 845C0C861AA93C5A00F7104D /* Images.xcassets */; };
		845C0C8A1AA93C5A00F7104D /* LaunchScreen.xib in Resources */ = {isa = PBXBuildFile; fileRef = 845C0C881AA93C5A00F7104D /* LaunchScreen.xib */; };
		845C0C961AA93C5A00F7104D /* AudioTestTests.m in Sources */ = {isa = PBXBuildFile; fileRef = 845C0C951AA93C5A00F7104D /* AudioTestTests.m */; };
		845C0CA01AA93D8C00F7104D /* Piano.wav in Resources */ = {isa = PBXBuildFile; fileRef = 845C0C9F1AA93D8C00F7104D /* Piano.wav */; };
/* End PBXBuildFile section */

/* Begin PBXContainerItemProxy section */
		845C0C901AA93C5A00F7104D /* PBXContainerItemProxy */ = {
			isa = PBXContainerItemProxy;
			containerPortal = 845C0C6E1AA93C5A00F7104D /* Project object */;
			proxyType = 1;
			remoteGlobalIDString = 845C0C751AA93C5A00F7104D;
			remoteInfo = AudioTest;
		};
/* End PBXContainerItemProxy section */

/* Begin PBXFileReference section */
		845C0C761AA93C5A00F7104D /* AudioTest.app */ = {isa = PBXFileReference; explicitFileType = wrapper.application; includeInIndex = 0; path = AudioTest.app; sourceTree = BUILT_PRODUCTS_DIR; };
		845C0C7A1AA93C5A00F7104D /* Info.plist */ = {isa = PBXFileReference; lastKnownFileType = text.plist.xml; path = Info.plist; sourceTree = "<group>"; };
		845C0C7B1AA93C5A00F7104D /* main.m */ = {isa = PBXFileReference; lastKnownFileType = sourcecode.c.objc; path = main.m; sourceTree = "<group>"; };
		845C0C7D1AA93C5A00F7104D /* AppDelegate.h */ = {isa = PBXFileReference; lastKnownFileType = sourcecode.c.h; path = AppDelegate.h; sourceTree = "<group>"; };
		845C0C7E1AA93C5A00F7104D /* AppDelegate.m */ = {isa = PBXFileReference; lastKnownFileType = sourcecode.c.objc; path = AppDelegate.m; sourceTree = "<group>"; };
		845C0C801AA93C5A00F7104D /* ViewController.h */ = {isa = PBXFileReference; lastKnownFileType = sourcecode.c.h; path = ViewController.h; sourceTree = "<group>"; };
		845C0C811AA93C5A00F7104D /* ViewController.m */ = {isa = PBXFileReference; lastKnownFileType = sourcecode.c.objc; path = ViewController.m; sourceTree = "<group>"; };
		845C0C841AA93C5A00F7104D /* Base */ = {isa = PBXFileReference; lastKnownFileType = file.storyboard; name = Base; path = Base.lproj/Main.storyboard; sourceTree = "<group>"; };
		845C0C861AA93C5A00F7104D /* Images.xcassets */ = {isa = PBXFileReference; lastKnownFileType = folder.assetcatalog; path = Images.xcassets; sourceTree = "<group>"; };
		845C0C891AA93C5A00F7104D /* Base */ = {isa = PBXFileReference; lastKnownFileType = file.xib; name = Base; path = Base.lproj/LaunchScreen.xib; sourceTree = "<group>"; };
		845C0C8F1AA93C5A00F7104D /* AudioTestTests.xctest */ = {isa = PBXFileReference; explicitFileType = wrapper.cfbundle; includeInIndex = 0; path = AudioTestTests.xctest; sourceTree = BUILT_PRODUCTS_DIR; };
		845C0C941AA93C5A00F7104D /* Info.plist */ = {isa = PBXFileReference; lastKnownFileType = text.plist.xml; path = Info.plist; sourceTree = "<group>"; };
		845C0C951AA93C5A00F7104D /* AudioTestTests.m */ = {isa = PBXFileReference; lastKnownFileType = sourcecode.c.objc; path = AudioTestTests.m; sourceTree = "<group>"; };
		845C0C9F1AA93D8C00F7104D /* Piano.wav */ = {isa = PBXFileReference; lastKnownFileType = audio.wav; path = Piano.wav; sourceTree = "<group>"; };
/* End PBXFileReference section */

/* Begin PBXFrameworksBuildPhase section */
		845C0C731AA93C5A00F7104D /* Frameworks */ = {
			isa = PBXFrameworksBuildPhase;
			buildActionMask = 2147483647;
			files = (
			);
			runOnlyForDeploymentPostprocessing = 0;
		};
		845C0C8C1AA93C5A00F7104D /* Frameworks */ = {
			isa = PBXFrameworksBuildPhase;
			buildActionMask = 2147483647;
			files = (
			);
			runOnlyForDeploymentPostprocessing = 0;
		};
/* End PBXFrameworksBuildPhase section */

/* Begin PBXGroup section */
		845C0C6D1AA93C5A00F7104D = {
			isa = PBXGroup;
			children = (
				845C0C781AA93C5A00F7104D /* AudioTest */,
				845C0C921AA93C5A00F7104D /* AudioTestTests */,
				845C0C771AA93C5A00F7104D /* Products */,
			);
			sourceTree = "<group>";
		};
		845C0C771AA93C5A00F7104D /* Products */ = {
			isa = PBXGroup;
			children = (
				845C0C761AA93C5A00F7104D /* AudioTest.app */,
				845C0C8F1AA93C5A00F7104D /* AudioTestTests.xctest */,
			);
			name = Products;
			sourceTree = "<group>";
		};
		845C0C781AA93C5A00F7104D /* AudioTest */ = {
			isa = PBXGroup;
			children = (
				845C0C7D1AA93C5A00F7104D /* AppDelegate.h */,
				845C0C7E1AA93C5A00F7104D /* AppDelegate.m */,
				845C0C801AA93C5A00F7104D /* ViewController.h */,
				845C0C811AA93C5A00F7104D /* ViewController.m */,
				845C0C9F1AA93D8C00F7104D /* Piano.wav */,
				845C0C831AA93C5A00F7104D /* Main.storyboard */,
				845C0C861AA93C5A00F7104D /* Images.xcassets */,
				845C0C881AA93C5A00F7104D /* LaunchScreen.xib */,
				845C0C791AA93C5A00F7104D /* Supporting Files */,
			);
			path = AudioTest;
			sourceTree = "<group>";
		};
		845C0C791AA93C5A00F7104D /* Supporting Files */ = {
			isa = PBXGroup;
			children = (
				845C0C7A1AA93C5A00F7104D /* Info.plist */,
				845C0C7B1AA93C5A00F7104D /* main.m */,
			);
			name = "Supporting Files";
			sourceTree = "<group>";
		};
		845C0C921AA93C5A00F7104D /* AudioTestTests */ = {
			isa = PBXGroup;
			children = (
				845C0C951AA93C5A00F7104D /* AudioTestTests.m */,
				845C0C931AA93C5A00F7104D /* Supporting Files */,
			);
			path = AudioTestTests;
			sourceTree = "<group>";
		};
		845C0C931AA93C5A00F7104D /* Supporting Files */ = {
			isa = PBXGroup;
			children = (
				845C0C941AA93C5A00F7104D /* Info.plist */,
			);
			name = "Supporting Files";
			sourceTree = "<group>";
		};
/* End PBXGroup section */

/* Begin PBXNativeTarget section */
		845C0C751AA93C5A00F7104D /* AudioTest */ = {
			isa = PBXNativeTarget;
			buildConfigurationList = 845C0C991AA93C5A00F7104D /* Build configuration list for PBXNativeTarget "AudioTest" */;
			buildPhases = (
				845C0C721AA93C5A00F7104D /* Sources */,
				845C0C731AA93C5A00F7104D /* Frameworks */,
				845C0C741AA93C5A00F7104D /* Resources */,
			);
			buildRules = (
			);
			dependencies = (
			);
			name = AudioTest;
			productName = AudioTest;
			productReference = 845C0C761AA93C5A00F7104D /* AudioTest.app */;
			productType = "com.apple.product-type.application";
		};
		845C0C8E1AA93C5A00F7104D /* AudioTestTests */ = {
			isa = PBXNativeTarget;
			buildConfigurationList = 845C0C9C1AA93C5A00F7104D /* Build configuration list for PBXNativeTarget "AudioTestTests" */;
			buildPhases = (
				845C0C8B1AA93C5A00F7104D /* Sources */,
				845C0C8C1AA93C5A00F7104D /* Frameworks */,
				845C0C8D1AA93C5A00F7104D /* Resources */,
			);
			buildRules = (
			);
			dependencies = (
				845C0C911AA93C5A00F7104D /* PBXTargetDependency */,
			);
			name = AudioTestTests;
			productName = AudioTestTests;
			productReference = 845C0C8F1AA93C5A00F7104D /* AudioTestTests.xctest */;
			productType = "com.apple.product-type.bundle.unit-test";
		};
/* End PBXNativeTarget section */

/* Begin PBXProject section */
		845C0C6E1AA93C5A00F7104D /* Project object */ = {
			isa = PBXProject;
			attributes = {
				LastUpgradeCheck = 0610;
				ORGANIZATIONNAME = "Erick Bennett";
				TargetAttributes = {
					845C0C751AA93C5A00F7104D = {
						CreatedOnToolsVersion = 6.1.1;
					};
					845C0C8E1AA93C5A00F7104D = {
						CreatedOnToolsVersion = 6.1.1;
						TestTargetID = 845C0C751AA93C5A00F7104D;
					};
				};
			};
			buildConfigurationList = 845C0C711AA93C5A00F7104D /* Build configuration list for PBXProject "AudioTest" */;
			compatibilityVersion = "Xcode 3.2";
			developmentRegion = English;
			hasScannedForEncodings = 0;
			knownRegions = (
				en,
				Base,
			);
			mainGroup = 845C0C6D1AA93C5A00F7104D;
			productRefGroup = 845C0C771AA93C5A00F7104D /* Products */;
			projectDirPath = "";
			projectRoot = "";
			targets = (
				845C0C751AA93C5A00F7104D /* AudioTest */,
				845C0C8E1AA93C5A00F7104D /* AudioTestTests */,
			);
		};
/* End PBXProject section */

/* Begin PBXResourcesBuildPhase section */
		845C0C741AA93C5A00F7104D /* Resources */ = {
			isa = PBXResourcesBuildPhase;
			buildActionMask = 2147483647;
			files = (
				845C0CA01AA93D8C00F7104D /* Piano.wav in Resources */,
				845C0C851AA93C5A00F7104D /* Main.storyboard in Resources */,
				845C0C8A1AA93C5A00F7104D /* LaunchScreen.xib in Resources */,
				845C0C871AA93C5A00F7104D /* Images.xcassets in Resources */,
			);
			runOnlyForDeploymentPostprocessing = 0;
		};
		845C0C8D1AA93C5A00F7104D /* Resources */ = {
			isa = PBXResourcesBuildPhase;
			buildActionMask = 2147483647;
			files = (
			);
			runOnlyForDeploymentPostprocessing = 0;
		};
/* End PBXResourcesBuildPhase section */

/* Begin PBXSourcesBuildPhase section */
		845C0C721AA93C5A00F7104D /* Sources */ = {
			isa = PBXSourcesBuildPhase;
			buildActionMask = 2147483647;
			files = (
				845C0C821AA93C5A00F7104D /* ViewController.m in Sources */,
				845C0C7F1AA93C5A00F7104D /* AppDelegate.m in Sources */,
				845C0C7C1AA93C5A00F7104D /* main.m in Sources */,
			);
			runOnlyForDeploymentPostprocessing = 0;
		};
		845C0C8B1AA93C5A00F7104D /* Sources */ = {
			isa = PBXSourcesBuildPhase;
			buildActionMask = 2147483647;
			files = (
				845C0C961AA93C5A00F7104D /* AudioTestTests.m in Sources */,
			);
			runOnlyForDeploymentPostprocessing = 0;
		};
/* End PBXSourcesBuildPhase section */

/* Begin PBXTargetDependency section */
		845C0C911AA93C5A00F7104D /* PBXTargetDependency */ = {
			isa = PBXTargetDependency;
			target = 845C0C751AA93C5A00F7104D /* AudioTest */;
			targetProxy = 845C0C901AA93C5A00F7104D /* PBXContainerItemProxy */;
		};
/* End PBXTargetDependency section */

/* Begin PBXVariantGroup section */
		845C0C831AA93C5A00F7104D /* Main.storyboard */ = {
			isa = PBXVariantGroup;
			children = (
				845C0C841AA93C5A00F7104D /* Base */,
			);
			name = Main.storyboard;
			sourceTree = "<group>";
		};
		845C0C881AA93C5A00F7104D /* LaunchScreen.xib */ = {
			isa = PBXVariantGroup;
			children = (
				845C0C891AA93C5A00F7104D /* Base */,
			);
			name = LaunchScreen.xib;
			sourceTree = "<group>";
		};
/* End PBXVariantGroup section */

/* Begin XCBuildConfiguration section */
		845C0C971AA93C5A00F7104D /* Debug */ = {
			isa = XCBuildConfiguration;
			buildSettings = {
				ALWAYS_SEARCH_USER_PATHS = NO;
				CLANG_CXX_LANGUAGE_STANDARD = "gnu++0x";
				CLANG_CXX_LIBRARY = "libc++";
				CLANG_ENABLE_MODULES = YES;
				CLANG_ENABLE_OBJC_ARC = YES;
				CLANG_WARN_BOOL_CONVERSION = YES;
				CLANG_WARN_CONSTANT_CONVERSION = YES;
				CLANG_WARN_DIRECT_OBJC_ISA_USAGE = YES_ERROR;
				CLANG_WARN_EMPTY_BODY = YES;
				CLANG_WARN_ENUM_CONVERSION = YES;
				CLANG_WARN_INT_CONVERSION = YES;
				CLANG_WARN_OBJC_ROOT_CLASS = YES_ERROR;
				CLANG_WARN_UNREACHABLE_CODE = YES;
				CLANG_WARN__DUPLICATE_METHOD_MATCH = YES;
				"CODE_SIGN_IDENTITY[sdk=iphoneos*]" = "iPhone Developer";
				COPY_PHASE_STRIP = NO;
				ENABLE_STRICT_OBJC_MSGSEND = YES;
				GCC_C_LANGUAGE_STANDARD = gnu99;
				GCC_DYNAMIC_NO_PIC = NO;
				GCC_OPTIMIZATION_LEVEL = 0;
				GCC_PREPROCESSOR_DEFINITIONS = (
					"DEBUG=1",
					"$(inherited)",
				);
				GCC_SYMBOLS_PRIVATE_EXTERN = NO;
				GCC_WARN_64_TO_32_BIT_CONVERSION = YES;
				GCC_WARN_ABOUT_RETURN_TYPE = YES_ERROR;
				GCC_WARN_UNDECLARED_SELECTOR = YES;
				GCC_WARN_UNINITIALIZED_AUTOS = YES_AGGRESSIVE;
				GCC_WARN_UNUSED_FUNCTION = YES;
				GCC_WARN_UNUSED_VARIABLE = YES;
				IPHONEOS_DEPLOYMENT_TARGET = 8.1;
				MTL_ENABLE_DEBUG_INFO = YES;
				ONLY_ACTIVE_ARCH = YES;
				SDKROOT = iphoneos;
			};
			name = Debug;
		};
		845C0C981AA93C5A00F7104D /* Release */ = {
			isa = XCBuildConfiguration;
			buildSettings = {
				ALWAYS_SEARCH_USER_PATHS = NO;
				CLANG_CXX_LANGUAGE_STANDARD = "gnu++0x";
				CLANG_CXX_LIBRARY = "libc++";
				CLANG_ENABLE_MODULES = YES;
				CLANG_ENABLE_OBJC_ARC = YES;
				CLANG_WARN_BOOL_CONVERSION = YES;
				CLANG_WARN_CONSTANT_CONVERSION = YES;
				CLANG_WARN_DIRECT_OBJC_ISA_USAGE = YES_ERROR;
				CLANG_WARN_EMPTY_BODY = YES;
				CLANG_WARN_ENUM_CONVERSION = YES;
				CLANG_WARN_INT_CONVERSION = YES;
				CLANG_WARN_OBJC_ROOT_CLASS = YES_ERROR;
				CLANG_WARN_UNREACHABLE_CODE = YES;
				CLANG_WARN__DUPLICATE_METHOD_MATCH = YES;
				"CODE_SIGN_IDENTITY[sdk=iphoneos*]" = "iPhone Developer";
				COPY_PHASE_STRIP = YES;
				ENABLE_NS_ASSERTIONS = NO;
				ENABLE_STRICT_OBJC_MSGSEND = YES;
				GCC_C_LANGUAGE_STANDARD = gnu99;
				GCC_WARN_64_TO_32_BIT_CONVERSION = YES;
				GCC_WARN_ABOUT_RETURN_TYPE = YES_ERROR;
				GCC_WARN_UNDECLARED_SELECTOR = YES;
				GCC_WARN_UNINITIALIZED_AUTOS = YES_AGGRESSIVE;
				GCC_WARN_UNUSED_FUNCTION = YES;
				GCC_WARN_UNUSED_VARIABLE = YES;
				IPHONEOS_DEPLOYMENT_TARGET = 8.1;
				MTL_ENABLE_DEBUG_INFO = NO;
				SDKROOT = iphoneos;
				VALIDATE_PRODUCT = YES;
			};
			name = Release;
		};
		845C0C9A1AA93C5A00F7104D /* Debug */ = {
			isa = XCBuildConfiguration;
			buildSettings = {
				ASSETCATALOG_COMPILER_APPICON_NAME = AppIcon;
				INFOPLIST_FILE = AudioTest/Info.plist;
				LD_RUNPATH_SEARCH_PATHS = "$(inherited) @executable_path/Frameworks";
				PRODUCT_NAME = "$(TARGET_NAME)";
			};
			name = Debug;
		};
		845C0C9B1AA93C5A00F7104D /* Release */ = {
			isa = XCBuildConfiguration;
			buildSettings = {
				ASSETCATALOG_COMPILER_APPICON_NAME = AppIcon;
				INFOPLIST_FILE = AudioTest/Info.plist;
				LD_RUNPATH_SEARCH_PATHS = "$(inherited) @executable_path/Frameworks";
				PRODUCT_NAME = "$(TARGET_NAME)";
			};
			name = Release;
		};
		845C0C9D1AA93C5A00F7104D /* Debug */ = {
			isa = XCBuildConfiguration;
			buildSettings = {
				BUNDLE_LOADER = "$(TEST_HOST)";
				FRAMEWORK_SEARCH_PATHS = (
					"$(SDKROOT)/Developer/Library/Frameworks",
					"$(inherited)",
				);
				GCC_PREPROCESSOR_DEFINITIONS = (
					"DEBUG=1",
					"$(inherited)",
				);
				INFOPLIST_FILE = AudioTestTests/Info.plist;
				LD_RUNPATH_SEARCH_PATHS = "$(inherited) @executable_path/Frameworks @loader_path/Frameworks";
				PRODUCT_NAME = "$(TARGET_NAME)";
				TEST_HOST = "$(BUILT_PRODUCTS_DIR)/AudioTest.app/AudioTest";
			};
			name = Debug;
		};
		845C0C9E1AA93C5A00F7104D /* Release */ = {
			isa = XCBuildConfiguration;
			buildSettings = {
				BUNDLE_LOADER = "$(TEST_HOST)";
				FRAMEWORK_SEARCH_PATHS = (
					"$(SDKROOT)/Developer/Library/Frameworks",
					"$(inherited)",
				);
				INFOPLIST_FILE = AudioTestTests/Info.plist;
				LD_RUNPATH_SEARCH_PATHS = "$(inherited) @executable_path/Frameworks @loader_path/Frameworks";
				PRODUCT_NAME = "$(TARGET_NAME)";
				TEST_HOST = "$(BUILT_PRODUCTS_DIR)/AudioTest.app/AudioTest";
			};
			name = Release;
		};
/* End XCBuildConfiguration section */

/* Begin XCConfigurationList section */
		845C0C711AA93C5A00F7104D /* Build configuration list for PBXProject "AudioTest" */ = {
			isa = XCConfigurationList;
			buildConfigurations = (
				845C0C971AA93C5A00F7104D /* Debug */,
				845C0C981AA93C5A00F7104D /* Release */,
			);
			defaultConfigurationIsVisible = 0;
			defaultConfigurationName = Release;
		};
		845C0C991AA93C5A00F7104D /* Build configuration list for PBXNativeTarget "AudioTest" */ = {
			isa = XCConfigurationList;
			buildConfigurations = (
				845C0C9A1AA93C5A00F7104D /* Debug */,
				845C0C9B1AA93C5A00F7104D /* Release */,
			);
			defaultConfigurationIsVisible = 0;
		};
		845C0C9C1AA93C5A00F7104D /* Build configuration list for PBXNativeTarget "AudioTestTests" */ = {
			isa = XCConfigurationList;
			buildConfigurations = (
				845C0C9D1AA93C5A00F7104D /* Debug */,
				845C0C9E1AA93C5A00F7104D /* Release */,
			);
			defaultConfigurationIsVisible = 0;
		};
/* End XCConfigurationList section */
	};
	rootObject = 845C0C6E1AA93C5A00F7104D /* Project object */;
}
